lockfileVersion: '9.0'

settings:
  autoInstallPeers: true
  excludeLinksFromLockfile: false

importers:

  .:
    dependencies:
      '@xterm/xterm':
        specifier: ^5.5.0
        version: 5.5.0

packages:

  '@xterm/xterm@5.5.0':
    resolution: {integrity: sha512-hqJHYaQb5OptNunnyAnkHyM8aCjZ1MEIDTQu1iIbbTD/xops91NB5yq1ZK/dC2JDbVWtF23zUtl9JE2NqwT87A==}

snapshots:

  '@xterm/xterm@5.5.0': {}
